// !$*UTF8*$!
{
	archiveVersion = 1;
	classes = {
	};
	objectVersion = 56;
	objects = {

/* Begin PBXBuildFile section */
		39535D64295258E000149F7B /* ContactsViewController.swift in Sources */ = {isa = PBXBuildFile; fileRef = 39535D63295258E000149F7B /* ContactsViewController.swift */; };
		39535D66295258FE00149F7B /* FavouriteContactsViewController.swift in Sources */ = {isa = PBXBuildFile; fileRef = 39535D65295258FE00149F7B /* FavouriteContactsViewController.swift */; };
		39535D69295274EB00149F7B /* ContactData.swift in Sources */ = {isa = PBXBuildFile; fileRef = 39535D68295274EB00149F7B /* ContactData.swift */; };
		39535D6B29538E7E00149F7B /* ContactsTableViewCell.swift in Sources */ = {isa = PBXBuildFile; fileRef = 39535D6A29538E7E00149F7B /* ContactsTableViewCell.swift */; };
		39535D6E2954DA2F00149F7B /* ContactDetailViewController.swift in Sources */ = {isa = PBXBuildFile; fileRef = 39535D6D2954DA2F00149F7B /* ContactDetailViewController.swift */; };
		39535D7129550F7D00149F7B /* Storage.swift in Sources */ = {isa = PBXBuildFile; fileRef = 39535D7029550F7D00149F7B /* Storage.swift */; };
		39535D762958503C00149F7B /* FavouriteContactsTableViewCell.swift in Sources */ = {isa = PBXBuildFile; fileRef = 39535D752958503C00149F7B /* FavouriteContactsTableViewCell.swift */; };
		399271402950FE0A000D1A33 /* AppDelegate.swift in Sources */ = {isa = PBXBuildFile; fileRef = 3992713F2950FE0A000D1A33 /* AppDelegate.swift */; };
		399271422950FE0A000D1A33 /* SceneDelegate.swift in Sources */ = {isa = PBXBuildFile; fileRef = 399271412950FE0A000D1A33 /* SceneDelegate.swift */; };
		399271492950FE0B000D1A33 /* Assets.xcassets in Resources */ = {isa = PBXBuildFile; fileRef = 399271482950FE0B000D1A33 /* Assets.xcassets */; };
		3992714C2950FE0B000D1A33 /* LaunchScreen.storyboard in Resources */ = {isa = PBXBuildFile; fileRef = 3992714A2950FE0B000D1A33 /* LaunchScreen.storyboard */; };
		399271572950FFC6000D1A33 /* MainTabBarViewController.swift in Sources */ = {isa = PBXBuildFile; fileRef = 399271562950FFC6000D1A33 /* MainTabBarViewController.swift */; };
/* End PBXBuildFile section */

/* Begin PBXFileReference section */
		39535D63295258E000149F7B /* ContactsViewController.swift */ = {isa = PBXFileReference; lastKnownFileType = sourcecode.swift; path = ContactsViewController.swift; sourceTree = "<group>"; };
		39535D65295258FE00149F7B /* FavouriteContactsViewController.swift */ = {isa = PBXFileReference; lastKnownFileType = sourcecode.swift; path = FavouriteContactsViewController.swift; sourceTree = "<group>"; };
		39535D68295274EB00149F7B /* ContactData.swift */ = {isa = PBXFileReference; lastKnownFileType = sourcecode.swift; path = ContactData.swift; sourceTree = "<group>"; };
		39535D6A29538E7E00149F7B /* ContactsTableViewCell.swift */ = {isa = PBXFileReference; lastKnownFileType = sourcecode.swift; path = ContactsTableViewCell.swift; sourceTree = "<group>"; };
		39535D6D2954DA2F00149F7B /* ContactDetailViewController.swift */ = {isa = PBXFileReference; lastKnownFileType = sourcecode.swift; path = ContactDetailViewController.swift; sourceTree = "<group>"; };
		39535D7029550F7D00149F7B /* Storage.swift */ = {isa = PBXFileReference; lastKnownFileType = sourcecode.swift; path = Storage.swift; sourceTree = "<group>"; };
		39535D752958503C00149F7B /* FavouriteContactsTableViewCell.swift */ = {isa = PBXFileReference; lastKnownFileType = sourcecode.swift; path = FavouriteContactsTableViewCell.swift; sourceTree = "<group>"; };
		3992713C2950FE0A000D1A33 /* ClvrtcThirdTask.app */ = {isa = PBXFileReference; explicitFileType = wrapper.application; includeInIndex = 0; path = ClvrtcThirdTask.app; sourceTree = BUILT_PRODUCTS_DIR; };
		3992713F2950FE0A000D1A33 /* AppDelegate.swift */ = {isa = PBXFileReference; lastKnownFileType = sourcecode.swift; path = AppDelegate.swift; sourceTree = "<group>"; };
		399271412950FE0A000D1A33 /* SceneDelegate.swift */ = {isa = PBXFileReference; lastKnownFileType = sourcecode.swift; path = SceneDelegate.swift; sourceTree = "<group>"; };
		399271482950FE0B000D1A33 /* Assets.xcassets */ = {isa = PBXFileReference; lastKnownFileType = folder.assetcatalog; path = Assets.xcassets; sourceTree = "<group>"; };
		3992714B2950FE0B000D1A33 /* Base */ = {isa = PBXFileReference; lastKnownFileType = file.storyboard; name = Base; path = Base.lproj/LaunchScreen.storyboard; sourceTree = "<group>"; };
		3992714D2950FE0B000D1A33 /* Info.plist */ = {isa = PBXFileReference; lastKnownFileType = text.plist.xml; path = Info.plist; sourceTree = "<group>"; };
		399271562950FFC6000D1A33 /* MainTabBarViewController.swift */ = {isa = PBXFileReference; lastKnownFileType = sourcecode.swift; path = MainTabBarViewController.swift; sourceTree = "<group>"; };
/* End PBXFileReference section */

/* Begin PBXFrameworksBuildPhase section */
		399271392950FE0A000D1A33 /* Frameworks */ = {
			isa = PBXFrameworksBuildPhase;
			buildActionMask = 2147483647;
			files = (
			);
			runOnlyForDeploymentPostprocessing = 0;
		};
/* End PBXFrameworksBuildPhase section */

/* Begin PBXGroup section */
		39535D672952649500149F7B /* Models */ = {
			isa = PBXGroup;
			children = (
				39535D68295274EB00149F7B /* ContactData.swift */,
			);
			path = Models;
			sourceTree = "<group>";
		};
		39535D6C29538E8E00149F7B /* Cells */ = {
			isa = PBXGroup;
			children = (
				39535D6A29538E7E00149F7B /* ContactsTableViewCell.swift */,
				39535D752958503C00149F7B /* FavouriteContactsTableViewCell.swift */,
			);
			path = Cells;
			sourceTree = "<group>";
		};
		39535D6F295500C200149F7B /* StorageManager */ = {
			isa = PBXGroup;
			children = (
				39535D7029550F7D00149F7B /* Storage.swift */,
			);
			path = StorageManager;
			sourceTree = "<group>";
		};
		399271332950FE0A000D1A33 = {
			isa = PBXGroup;
			children = (
				3992713E2950FE0A000D1A33 /* ClvrtcThirdTask */,
				3992713D2950FE0A000D1A33 /* Products */,
			);
			sourceTree = "<group>";
		};
		3992713D2950FE0A000D1A33 /* Products */ = {
			isa = PBXGroup;
			children = (
				3992713C2950FE0A000D1A33 /* ClvrtcThirdTask.app */,
			);
			name = Products;
			sourceTree = "<group>";
		};
		3992713E2950FE0A000D1A33 /* ClvrtcThirdTask */ = {
			isa = PBXGroup;
			children = (
				399271532950FEDD000D1A33 /* Application */,
				39535D6F295500C200149F7B /* StorageManager */,
				399271552950FF23000D1A33 /* Controllers */,
				39535D672952649500149F7B /* Models */,
				399271542950FEF6000D1A33 /* Resources */,
			);
			path = ClvrtcThirdTask;
			sourceTree = "<group>";
		};
		399271532950FEDD000D1A33 /* Application */ = {
			isa = PBXGroup;
			children = (
				3992713F2950FE0A000D1A33 /* AppDelegate.swift */,
				399271412950FE0A000D1A33 /* SceneDelegate.swift */,
			);
			path = Application;
			sourceTree = "<group>";
		};
		399271542950FEF6000D1A33 /* Resources */ = {
			isa = PBXGroup;
			children = (
				399271482950FE0B000D1A33 /* Assets.xcassets */,
				3992714A2950FE0B000D1A33 /* LaunchScreen.storyboard */,
				3992714D2950FE0B000D1A33 /* Info.plist */,
			);
			path = Resources;
			sourceTree = "<group>";
		};
		399271552950FF23000D1A33 /* Controllers */ = {
			isa = PBXGroup;
			children = (
				399271562950FFC6000D1A33 /* MainTabBarViewController.swift */,
				39535D63295258E000149F7B /* ContactsViewController.swift */,
				39535D65295258FE00149F7B /* FavouriteContactsViewController.swift */,
				39535D6D2954DA2F00149F7B /* ContactDetailViewController.swift */,
				39535D6C29538E8E00149F7B /* Cells */,
			);
			path = Controllers;
			sourceTree = "<group>";
		};
/* End PBXGroup section */

/* Begin PBXNativeTarget section */
		3992713B2950FE0A000D1A33 /* ClvrtcThirdTask */ = {
			isa = PBXNativeTarget;
			buildConfigurationList = 399271502950FE0B000D1A33 /* Build configuration list for PBXNativeTarget "ClvrtcThirdTask" */;
			buildPhases = (
				399271382950FE0A000D1A33 /* Sources */,
				399271392950FE0A000D1A33 /* Frameworks */,
				3992713A2950FE0A000D1A33 /* Resources */,
				39535D6129524FA900149F7B /* ShellScript */,
			);
			buildRules = (
			);
			dependencies = (
			);
			name = ClvrtcThirdTask;
			productName = ClvrtcThirdTask;
			productReference = 3992713C2950FE0A000D1A33 /* ClvrtcThirdTask.app */;
			productType = "com.apple.product-type.application";
		};
/* End PBXNativeTarget section */

/* Begin PBXProject section */
		399271342950FE0A000D1A33 /* Project object */ = {
			isa = PBXProject;
			attributes = {
				BuildIndependentTargetsInParallel = 1;
				LastSwiftUpdateCheck = 1420;
				LastUpgradeCheck = 1420;
				TargetAttributes = {
					3992713B2950FE0A000D1A33 = {
						CreatedOnToolsVersion = 14.2;
					};
				};
			};
			buildConfigurationList = 399271372950FE0A000D1A33 /* Build configuration list for PBXProject "ClvrtcThirdTask" */;
			compatibilityVersion = "Xcode 14.0";
			developmentRegion = en;
			hasScannedForEncodings = 0;
			knownRegions = (
				en,
				Base,
			);
			mainGroup = 399271332950FE0A000D1A33;
			productRefGroup = 3992713D2950FE0A000D1A33 /* Products */;
			projectDirPath = "";
			projectRoot = "";
			targets = (
				3992713B2950FE0A000D1A33 /* ClvrtcThirdTask */,
			);
		};
/* End PBXProject section */

/* Begin PBXResourcesBuildPhase section */
		3992713A2950FE0A000D1A33 /* Resources */ = {
			isa = PBXResourcesBuildPhase;
			buildActionMask = 2147483647;
			files = (
				3992714C2950FE0B000D1A33 /* LaunchScreen.storyboard in Resources */,
				399271492950FE0B000D1A33 /* Assets.xcassets in Resources */,
			);
			runOnlyForDeploymentPostprocessing = 0;
		};
/* End PBXResourcesBuildPhase section */

/* Begin PBXShellScriptBuildPhase section */
		39535D6129524FA900149F7B /* ShellScript */ = {
			isa = PBXShellScriptBuildPhase;
			buildActionMask = 2147483647;
			files = (
			);
			inputFileListPaths = (
			);
			inputPaths = (
			);
			outputFileListPaths = (
			);
			outputPaths = (
			);
			runOnlyForDeploymentPostprocessing = 0;
			shellPath = /bin/sh;
			shellScript = "export PATH=\"$PATH:/opt/homebrew/bin\"\nif which swiftlint > /dev/null; then\n  swiftlint --fix\nelse\n  echo \"warning: SwiftLint not installed, download from https://github.com/realm/SwiftLint\"\nfi\n";
		};
/* End PBXShellScriptBuildPhase section */

/* Begin PBXSourcesBuildPhase section */
		399271382950FE0A000D1A33 /* Sources */ = {
			isa = PBXSourcesBuildPhase;
			buildActionMask = 2147483647;
			files = (
				39535D762958503C00149F7B /* FavouriteContactsTableViewCell.swift in Sources */,
				39535D6B29538E7E00149F7B /* ContactsTableViewCell.swift in Sources */,
				39535D66295258FE00149F7B /* FavouriteContactsViewController.swift in Sources */,
				399271572950FFC6000D1A33 /* MainTabBarViewController.swift in Sources */,
				39535D69295274EB00149F7B /* ContactData.swift in Sources */,
				39535D64295258E000149F7B /* ContactsViewController.swift in Sources */,
				39535D7129550F7D00149F7B /* Storage.swift in Sources */,
				399271402950FE0A000D1A33 /* AppDelegate.swift in Sources */,
				39535D6E2954DA2F00149F7B /* ContactDetailViewController.swift in Sources */,
				399271422950FE0A000D1A33 /* SceneDelegate.swift in Sources */,
			);
			runOnlyForDeploymentPostprocessing = 0;
		};
/* End PBXSourcesBuildPhase section */

/* Begin PBXVariantGroup section */
		3992714A2950FE0B000D1A33 /* LaunchScreen.storyboard */ = {
			isa = PBXVariantGroup;
			children = (
				3992714B2950FE0B000D1A33 /* Base */,
			);
			name = LaunchScreen.storyboard;
			sourceTree = "<group>";
		};
/* End PBXVariantGroup section */

/* Begin XCBuildConfiguration section */
		3992714E2950FE0B000D1A33 /* Debug */ = {
			isa = XCBuildConfiguration;
			buildSettings = {
				ALWAYS_SEARCH_USER_PATHS = NO;
				CLANG_ANALYZER_NONNULL = YES;
				CLANG_ANALYZER_NUMBER_OBJECT_CONVERSION = YES_AGGRESSIVE;
				CLANG_CXX_LANGUAGE_STANDARD = "gnu++20";
				CLANG_ENABLE_MODULES = YES;
				CLANG_ENABLE_OBJC_ARC = YES;
				CLANG_ENABLE_OBJC_WEAK = YES;
				CLANG_WARN_BLOCK_CAPTURE_AUTORELEASING = YES;
				CLANG_WARN_BOOL_CONVERSION = YES;
				CLANG_WARN_COMMA = YES;
				CLANG_WARN_CONSTANT_CONVERSION = YES;
				CLANG_WARN_DEPRECATED_OBJC_IMPLEMENTATIONS = YES;
				CLANG_WARN_DIRECT_OBJC_ISA_USAGE = YES_ERROR;
				CLANG_WARN_DOCUMENTATION_COMMENTS = YES;
				CLANG_WARN_EMPTY_BODY = YES;
				CLANG_WARN_ENUM_CONVERSION = YES;
				CLANG_WARN_INFINITE_RECURSION = YES;
				CLANG_WARN_INT_CONVERSION = YES;
				CLANG_WARN_NON_LITERAL_NULL_CONVERSION = YES;
				CLANG_WARN_OBJC_IMPLICIT_RETAIN_SELF = YES;
				CLANG_WARN_OBJC_LITERAL_CONVERSION = YES;
				CLANG_WARN_OBJC_ROOT_CLASS = YES_ERROR;
				CLANG_WARN_QUOTED_INCLUDE_IN_FRAMEWORK_HEADER = YES;
				CLANG_WARN_RANGE_LOOP_ANALYSIS = YES;
				CLANG_WARN_STRICT_PROTOTYPES = YES;
				CLANG_WARN_SUSPICIOUS_MOVE = YES;
				CLANG_WARN_UNGUARDED_AVAILABILITY = YES_AGGRESSIVE;
				CLANG_WARN_UNREACHABLE_CODE = YES;
				CLANG_WARN__DUPLICATE_METHOD_MATCH = YES;
				COPY_PHASE_STRIP = NO;
				DEBUG_INFORMATION_FORMAT = dwarf;
				ENABLE_STRICT_OBJC_MSGSEND = YES;
				ENABLE_TESTABILITY = YES;
				GCC_C_LANGUAGE_STANDARD = gnu11;
				GCC_DYNAMIC_NO_PIC = NO;
				GCC_NO_COMMON_BLOCKS = YES;
				GCC_OPTIMIZATION_LEVEL = 0;
				GCC_PREPROCESSOR_DEFINITIONS = (
					"DEBUG=1",
					"$(inherited)",
				);
				GCC_WARN_64_TO_32_BIT_CONVERSION = YES;
				GCC_WARN_ABOUT_RETURN_TYPE = YES_ERROR;
				GCC_WARN_UNDECLARED_SELECTOR = YES;
				GCC_WARN_UNINITIALIZED_AUTOS = YES_AGGRESSIVE;
				GCC_WARN_UNUSED_FUNCTION = YES;
				GCC_WARN_UNUSED_VARIABLE = YES;
				IPHONEOS_DEPLOYMENT_TARGET = 16.2;
				MTL_ENABLE_DEBUG_INFO = INCLUDE_SOURCE;
				MTL_FAST_MATH = YES;
				ONLY_ACTIVE_ARCH = YES;
				SDKROOT = iphoneos;
				SWIFT_ACTIVE_COMPILATION_CONDITIONS = DEBUG;
				SWIFT_OPTIMIZATION_LEVEL = "-Onone";
			};
			name = Debug;
		};
		3992714F2950FE0B000D1A33 /* Release */ = {
			isa = XCBuildConfiguration;
			buildSettings = {
				ALWAYS_SEARCH_USER_PATHS = NO;
				CLANG_ANALYZER_NONNULL = YES;
				CLANG_ANALYZER_NUMBER_OBJECT_CONVERSION = YES_AGGRESSIVE;
				CLANG_CXX_LANGUAGE_STANDARD = "gnu++20";
				CLANG_ENABLE_MODULES = YES;
				CLANG_ENABLE_OBJC_ARC = YES;
				CLANG_ENABLE_OBJC_WEAK = YES;
				CLANG_WARN_BLOCK_CAPTURE_AUTORELEASING = YES;
				CLANG_WARN_BOOL_CONVERSION = YES;
				CLANG_WARN_COMMA = YES;
				CLANG_WARN_CONSTANT_CONVERSION = YES;
				CLANG_WARN_DEPRECATED_OBJC_IMPLEMENTATIONS = YES;
				CLANG_WARN_DIRECT_OBJC_ISA_USAGE = YES_ERROR;
				CLANG_WARN_DOCUMENTATION_COMMENTS = YES;
				CLANG_WARN_EMPTY_BODY = YES;
				CLANG_WARN_ENUM_CONVERSION = YES;
				CLANG_WARN_INFINITE_RECURSION = YES;
				CLANG_WARN_INT_CONVERSION = YES;
				CLANG_WARN_NON_LITERAL_NULL_CONVERSION = YES;
				CLANG_WARN_OBJC_IMPLICIT_RETAIN_SELF = YES;
				CLANG_WARN_OBJC_LITERAL_CONVERSION = YES;
				CLANG_WARN_OBJC_ROOT_CLASS = YES_ERROR;
				CLANG_WARN_QUOTED_INCLUDE_IN_FRAMEWORK_HEADER = YES;
				CLANG_WARN_RANGE_LOOP_ANALYSIS = YES;
				CLANG_WARN_STRICT_PROTOTYPES = YES;
				CLANG_WARN_SUSPICIOUS_MOVE = YES;
				CLANG_WARN_UNGUARDED_AVAILABILITY = YES_AGGRESSIVE;
				CLANG_WARN_UNREACHABLE_CODE = YES;
				CLANG_WARN__DUPLICATE_METHOD_MATCH = YES;
				COPY_PHASE_STRIP = NO;
				DEBUG_INFORMATION_FORMAT = "dwarf-with-dsym";
				ENABLE_NS_ASSERTIONS = NO;
				ENABLE_STRICT_OBJC_MSGSEND = YES;
				GCC_C_LANGUAGE_STANDARD = gnu11;
				GCC_NO_COMMON_BLOCKS = YES;
				GCC_WARN_64_TO_32_BIT_CONVERSION = YES;
				GCC_WARN_ABOUT_RETURN_TYPE = YES_ERROR;
				GCC_WARN_UNDECLARED_SELECTOR = YES;
				GCC_WARN_UNINITIALIZED_AUTOS = YES_AGGRESSIVE;
				GCC_WARN_UNUSED_FUNCTION = YES;
				GCC_WARN_UNUSED_VARIABLE = YES;
				IPHONEOS_DEPLOYMENT_TARGET = 16.2;
				MTL_ENABLE_DEBUG_INFO = NO;
				MTL_FAST_MATH = YES;
				SDKROOT = iphoneos;
				SWIFT_COMPILATION_MODE = wholemodule;
				SWIFT_OPTIMIZATION_LEVEL = "-O";
				VALIDATE_PRODUCT = YES;
			};
			name = Release;
		};
		399271512950FE0B000D1A33 /* Debug */ = {
			isa = XCBuildConfiguration;
			buildSettings = {
				ASSETCATALOG_COMPILER_APPICON_NAME = AppIcon;
				ASSETCATALOG_COMPILER_GLOBAL_ACCENT_COLOR_NAME = AccentColor;
				CODE_SIGN_STYLE = Automatic;
				CURRENT_PROJECT_VERSION = 1;
				DEVELOPMENT_TEAM = XPQ67UU8AY;
				GENERATE_INFOPLIST_FILE = YES;
				INFOPLIST_FILE = ClvrtcThirdTask/Resources/Info.plist;
				INFOPLIST_KEY_UIApplicationSupportsIndirectInputEvents = YES;
				INFOPLIST_KEY_UILaunchStoryboardName = LaunchScreen;
				INFOPLIST_KEY_UISupportedInterfaceOrientations = UIInterfaceOrientationPortrait;
				IPHONEOS_DEPLOYMENT_TARGET = 16.0;
				LD_RUNPATH_SEARCH_PATHS = (
					"$(inherited)",
					"@executable_path/Frameworks",
				);
				MARKETING_VERSION = 1.0;
				PRODUCT_BUNDLE_IDENTIFIER = Clevertec.Beldeiko.ClvrtcThirdTask;
				PRODUCT_NAME = "$(TARGET_NAME)";
				SWIFT_EMIT_LOC_STRINGS = YES;
				SWIFT_VERSION = 5.0;
				TARGETED_DEVICE_FAMILY = "1,2";
			};
			name = Debug;
		};
		399271522950FE0B000D1A33 /* Release */ = {
			isa = XCBuildConfiguration;
			buildSettings = {
				ASSETCATALOG_COMPILER_APPICON_NAME = AppIcon;
				ASSETCATALOG_COMPILER_GLOBAL_ACCENT_COLOR_NAME = AccentColor;
				CODE_SIGN_STYLE = Automatic;
				CURRENT_PROJECT_VERSION = 1;
				DEVELOPMENT_TEAM = XPQ67UU8AY;
				GENERATE_INFOPLIST_FILE = YES;
				INFOPLIST_FILE = ClvrtcThirdTask/Resources/Info.plist;
				INFOPLIST_KEY_UIApplicationSupportsIndirectInputEvents = YES;
				INFOPLIST_KEY_UILaunchStoryboardName = LaunchScreen;
				INFOPLIST_KEY_UISupportedInterfaceOrientations = UIInterfaceOrientationPortrait;
				IPHONEOS_DEPLOYMENT_TARGET = 16.0;
				LD_RUNPATH_SEARCH_PATHS = (
					"$(inherited)",
					"@executable_path/Frameworks",
				);
				MARKETING_VERSION = 1.0;
				PRODUCT_BUNDLE_IDENTIFIER = Clevertec.Beldeiko.ClvrtcThirdTask;
				PRODUCT_NAME = "$(TARGET_NAME)";
				SWIFT_EMIT_LOC_STRINGS = YES;
				SWIFT_VERSION = 5.0;
				TARGETED_DEVICE_FAMILY = "1,2";
			};
			name = Release;
		};
/* End XCBuildConfiguration section */

/* Begin XCConfigurationList section */
		399271372950FE0A000D1A33 /* Build configuration list for PBXProject "ClvrtcThirdTask" */ = {
			isa = XCConfigurationList;
			buildConfigurations = (
				3992714E2950FE0B000D1A33 /* Debug */,
				3992714F2950FE0B000D1A33 /* Release */,
			);
			defaultConfigurationIsVisible = 0;
			defaultConfigurationName = Release;
		};
		399271502950FE0B000D1A33 /* Build configuration list for PBXNativeTarget "ClvrtcThirdTask" */ = {
			isa = XCConfigurationList;
			buildConfigurations = (
				399271512950FE0B000D1A33 /* Debug */,
				399271522950FE0B000D1A33 /* Release */,
			);
			defaultConfigurationIsVisible = 0;
			defaultConfigurationName = Release;
		};
/* End XCConfigurationList section */
	};
	rootObject = 399271342950FE0A000D1A33 /* Project object */;
}
